// !$*UTF8*$!
{
	archiveVersion = 1;
	classes = {
	};
	objectVersion = 56;
	objects = {

/* Begin PBXBuildFile section */
		61333BB32BC0667C005D077A /* StatsView.swift in Sources */ = {isa = PBXBuildFile; fileRef = 61333BB22BC0667C005D077A /* StatsView.swift */; };
		61333BB72BC44EFE005D077A /* SettingsView.swift in Sources */ = {isa = PBXBuildFile; fileRef = 61333BB62BC44EFE005D077A /* SettingsView.swift */; };
		61333BBB2BC45DEB005D077A /* HomeView.swift in Sources */ = {isa = PBXBuildFile; fileRef = 61333BBA2BC45DEB005D077A /* HomeView.swift */; };
		616FA2342BA8C14100B448B4 /* PlaySound.swift in Sources */ = {isa = PBXBuildFile; fileRef = 616FA2332BA8C14100B448B4 /* PlaySound.swift */; };
		616FA2372BA8C9C800B448B4 /* background.mp3 in Resources */ = {isa = PBXBuildFile; fileRef = 616FA2362BA8C9C800B448B4 /* background.mp3 */; };
		616FA2392BA8CC7500B448B4 /* chime.mp3 in Resources */ = {isa = PBXBuildFile; fileRef = 616FA2382BA8CC7500B448B4 /* chime.mp3 */; };
		6190A9532B5DE463006D533A /* SymbolicConstants.swift in Sources */ = {isa = PBXBuildFile; fileRef = 6190A9522B5DE463006D533A /* SymbolicConstants.swift */; };
		6190A9552B5DE7DE006D533A /* Model.swift in Sources */ = {isa = PBXBuildFile; fileRef = 6190A9542B5DE7DE006D533A /* Model.swift */; };
		6190A9572B5DF0AA006D533A /* ViewModel.swift in Sources */ = {isa = PBXBuildFile; fileRef = 6190A9562B5DF0AA006D533A /* ViewModel.swift */; };
		6190A9592B746BC5006D533A /* EnterKey.swift in Sources */ = {isa = PBXBuildFile; fileRef = 6190A9582B746BC5006D533A /* EnterKey.swift */; };
		61B361E42B571ECB004FBCE8 /* MasterMindGameApp.swift in Sources */ = {isa = PBXBuildFile; fileRef = 61B361E32B571ECB004FBCE8 /* MasterMindGameApp.swift */; };
		61B361E62B571ECB004FBCE8 /* ContentView.swift in Sources */ = {isa = PBXBuildFile; fileRef = 61B361E52B571ECB004FBCE8 /* ContentView.swift */; };
		61B361E82B571ECC004FBCE8 /* Assets.xcassets in Resources */ = {isa = PBXBuildFile; fileRef = 61B361E72B571ECC004FBCE8 /* Assets.xcassets */; };
		61B361EC2B571ECC004FBCE8 /* Preview Assets.xcassets in Resources */ = {isa = PBXBuildFile; fileRef = 61B361EB2B571ECC004FBCE8 /* Preview Assets.xcassets */; };
		61BD75F32BB1FC5B0096C5B5 /* EffectsLibrary in Frameworks */ = {isa = PBXBuildFile; productRef = 61BD75F22BB1FC5B0096C5B5 /* EffectsLibrary */; };
		61BD75F52BB1FED20096C5B5 /* confetiCannon.swift in Sources */ = {isa = PBXBuildFile; fileRef = 61BD75F42BB1FED20096C5B5 /* confetiCannon.swift */; };
/* End PBXBuildFile section */

/* Begin PBXFileReference section */
		61333BB22BC0667C005D077A /* StatsView.swift */ = {isa = PBXFileReference; lastKnownFileType = sourcecode.swift; path = StatsView.swift; sourceTree = "<group>"; };
		61333BB62BC44EFE005D077A /* SettingsView.swift */ = {isa = PBXFileReference; lastKnownFileType = sourcecode.swift; path = SettingsView.swift; sourceTree = "<group>"; };
		61333BBA2BC45DEB005D077A /* HomeView.swift */ = {isa = PBXFileReference; lastKnownFileType = sourcecode.swift; path = HomeView.swift; sourceTree = "<group>"; };
		616FA2332BA8C14100B448B4 /* PlaySound.swift */ = {isa = PBXFileReference; lastKnownFileType = sourcecode.swift; path = PlaySound.swift; sourceTree = "<group>"; };
		616FA2362BA8C9C800B448B4 /* background.mp3 */ = {isa = PBXFileReference; lastKnownFileType = audio.mp3; name = background.mp3; path = ../../../../../Downloads/background.mp3; sourceTree = "<group>"; };
		616FA2382BA8CC7500B448B4 /* chime.mp3 */ = {isa = PBXFileReference; lastKnownFileType = audio.mp3; name = chime.mp3; path = ../../../../../Downloads/chime.mp3; sourceTree = "<group>"; };
		6190A9522B5DE463006D533A /* SymbolicConstants.swift */ = {isa = PBXFileReference; lastKnownFileType = sourcecode.swift; path = SymbolicConstants.swift; sourceTree = "<group>"; };
		6190A9542B5DE7DE006D533A /* Model.swift */ = {isa = PBXFileReference; lastKnownFileType = sourcecode.swift; path = Model.swift; sourceTree = "<group>"; };
		6190A9562B5DF0AA006D533A /* ViewModel.swift */ = {isa = PBXFileReference; lastKnownFileType = sourcecode.swift; path = ViewModel.swift; sourceTree = "<group>"; };
		6190A9582B746BC5006D533A /* EnterKey.swift */ = {isa = PBXFileReference; lastKnownFileType = sourcecode.swift; path = EnterKey.swift; sourceTree = "<group>"; };
		61B361E02B571ECB004FBCE8 /* MasterMindGame.app */ = {isa = PBXFileReference; explicitFileType = wrapper.application; includeInIndex = 0; path = MasterMindGame.app; sourceTree = BUILT_PRODUCTS_DIR; };
		61B361E32B571ECB004FBCE8 /* MasterMindGameApp.swift */ = {isa = PBXFileReference; lastKnownFileType = sourcecode.swift; path = MasterMindGameApp.swift; sourceTree = "<group>"; };
		61B361E52B571ECB004FBCE8 /* ContentView.swift */ = {isa = PBXFileReference; lastKnownFileType = sourcecode.swift; path = ContentView.swift; sourceTree = "<group>"; };
		61B361E72B571ECC004FBCE8 /* Assets.xcassets */ = {isa = PBXFileReference; lastKnownFileType = folder.assetcatalog; path = Assets.xcassets; sourceTree = "<group>"; };
		61B361E92B571ECC004FBCE8 /* MasterMindGame.entitlements */ = {isa = PBXFileReference; lastKnownFileType = text.plist.entitlements; path = MasterMindGame.entitlements; sourceTree = "<group>"; };
		61B361EB2B571ECC004FBCE8 /* Preview Assets.xcassets */ = {isa = PBXFileReference; lastKnownFileType = folder.assetcatalog; path = "Preview Assets.xcassets"; sourceTree = "<group>"; };
		61BD75F42BB1FED20096C5B5 /* confetiCannon.swift */ = {isa = PBXFileReference; lastKnownFileType = sourcecode.swift; path = confetiCannon.swift; sourceTree = "<group>"; };
/* End PBXFileReference section */

/* Begin PBXFrameworksBuildPhase section */
		61B361DD2B571ECB004FBCE8 /* Frameworks */ = {
			isa = PBXFrameworksBuildPhase;
			buildActionMask = 2147483647;
			files = (
				61BD75F32BB1FC5B0096C5B5 /* EffectsLibrary in Frameworks */,
			);
			runOnlyForDeploymentPostprocessing = 0;
		};
/* End PBXFrameworksBuildPhase section */

/* Begin PBXGroup section */
		616FA2352BA8C97D00B448B4 /* mp3 */ = {
			isa = PBXGroup;
			children = (
				616FA2382BA8CC7500B448B4 /* chime.mp3 */,
				616FA2362BA8C9C800B448B4 /* background.mp3 */,
			);
			path = mp3;
			sourceTree = "<group>";
		};
		61B361D72B571ECB004FBCE8 = {
			isa = PBXGroup;
			children = (
				61B361E22B571ECB004FBCE8 /* MasterMindGame */,
				61B361E12B571ECB004FBCE8 /* Products */,
			);
			sourceTree = "<group>";
		};
		61B361E12B571ECB004FBCE8 /* Products */ = {
			isa = PBXGroup;
			children = (
				61B361E02B571ECB004FBCE8 /* MasterMindGame.app */,
			);
			name = Products;
			sourceTree = "<group>";
		};
		61B361E22B571ECB004FBCE8 /* MasterMindGame */ = {
			isa = PBXGroup;
			children = (
				61B361E32B571ECB004FBCE8 /* MasterMindGameApp.swift */,
				61B361E52B571ECB004FBCE8 /* ContentView.swift */,
				61333BBA2BC45DEB005D077A /* HomeView.swift */,
				61333BB62BC44EFE005D077A /* SettingsView.swift */,
				61333BB22BC0667C005D077A /* StatsView.swift */,
				616FA2332BA8C14100B448B4 /* PlaySound.swift */,
				6190A9562B5DF0AA006D533A /* ViewModel.swift */,
				6190A9542B5DE7DE006D533A /* Model.swift */,
				6190A9582B746BC5006D533A /* EnterKey.swift */,
				6190A9522B5DE463006D533A /* SymbolicConstants.swift */,
				61BD75F42BB1FED20096C5B5 /* confetiCannon.swift */,
				616FA2352BA8C97D00B448B4 /* mp3 */,
				61B361E72B571ECC004FBCE8 /* Assets.xcassets */,
				61B361E92B571ECC004FBCE8 /* MasterMindGame.entitlements */,
				61B361EA2B571ECC004FBCE8 /* Preview Content */,
			);
			path = MasterMindGame;
			sourceTree = "<group>";
		};
		61B361EA2B571ECC004FBCE8 /* Preview Content */ = {
			isa = PBXGroup;
			children = (
				61B361EB2B571ECC004FBCE8 /* Preview Assets.xcassets */,
			);
			path = "Preview Content";
			sourceTree = "<group>";
		};
/* End PBXGroup section */

/* Begin PBXNativeTarget section */
		61B361DF2B571ECB004FBCE8 /* MasterMindGame */ = {
			isa = PBXNativeTarget;
			buildConfigurationList = 61B361EF2B571ECC004FBCE8 /* Build configuration list for PBXNativeTarget "MasterMindGame" */;
			buildPhases = (
				61B361DC2B571ECB004FBCE8 /* Sources */,
				61B361DD2B571ECB004FBCE8 /* Frameworks */,
				61B361DE2B571ECB004FBCE8 /* Resources */,
			);
			buildRules = (
			);
			dependencies = (
			);
			name = MasterMindGame;
			packageProductDependencies = (
				61BD75F22BB1FC5B0096C5B5 /* EffectsLibrary */,
			);
			productName = MasterMindGame;
			productReference = 61B361E02B571ECB004FBCE8 /* MasterMindGame.app */;
			productType = "com.apple.product-type.application";
		};
/* End PBXNativeTarget section */

/* Begin PBXProject section */
		61B361D82B571ECB004FBCE8 /* Project object */ = {
			isa = PBXProject;
			attributes = {
				BuildIndependentTargetsInParallel = 1;
				LastSwiftUpdateCheck = 1520;
				LastUpgradeCheck = 1520;
				TargetAttributes = {
					61B361DF2B571ECB004FBCE8 = {
						CreatedOnToolsVersion = 15.2;
					};
				};
			};
			buildConfigurationList = 61B361DB2B571ECB004FBCE8 /* Build configuration list for PBXProject "MasterMindGame" */;
			compatibilityVersion = "Xcode 14.0";
			developmentRegion = en;
			hasScannedForEncodings = 0;
			knownRegions = (
				en,
				Base,
			);
			mainGroup = 61B361D72B571ECB004FBCE8;
			packageReferences = (
				61BD75F12BB1FC5B0096C5B5 /* XCRemoteSwiftPackageReference "effects-library" */,
			);
			productRefGroup = 61B361E12B571ECB004FBCE8 /* Products */;
			projectDirPath = "";
			projectRoot = "";
			targets = (
				61B361DF2B571ECB004FBCE8 /* MasterMindGame */,
			);
		};
/* End PBXProject section */

/* Begin PBXResourcesBuildPhase section */
		61B361DE2B571ECB004FBCE8 /* Resources */ = {
			isa = PBXResourcesBuildPhase;
			buildActionMask = 2147483647;
			files = (
				61B361EC2B571ECC004FBCE8 /* Preview Assets.xcassets in Resources */,
				616FA2392BA8CC7500B448B4 /* chime.mp3 in Resources */,
				616FA2372BA8C9C800B448B4 /* background.mp3 in Resources */,
				61B361E82B571ECC004FBCE8 /* Assets.xcassets in Resources */,
			);
			runOnlyForDeploymentPostprocessing = 0;
		};
/* End PBXResourcesBuildPhase section */

/* Begin PBXSourcesBuildPhase section */
		61B361DC2B571ECB004FBCE8 /* Sources */ = {
			isa = PBXSourcesBuildPhase;
			buildActionMask = 2147483647;
			files = (
				6190A9592B746BC5006D533A /* EnterKey.swift in Sources */,
				616FA2342BA8C14100B448B4 /* PlaySound.swift in Sources */,
				6190A9572B5DF0AA006D533A /* ViewModel.swift in Sources */,
				61BD75F52BB1FED20096C5B5 /* confetiCannon.swift in Sources */,
				61B361E62B571ECB004FBCE8 /* ContentView.swift in Sources */,
				61333BBB2BC45DEB005D077A /* HomeView.swift in Sources */,
				61333BB72BC44EFE005D077A /* SettingsView.swift in Sources */,
				61B361E42B571ECB004FBCE8 /* MasterMindGameApp.swift in Sources */,
				6190A9532B5DE463006D533A /* SymbolicConstants.swift in Sources */,
				6190A9552B5DE7DE006D533A /* Model.swift in Sources */,
				61333BB32BC0667C005D077A /* StatsView.swift in Sources */,
			);
			runOnlyForDeploymentPostprocessing = 0;
		};
/* End PBXSourcesBuildPhase section */

/* Begin XCBuildConfiguration section */
		61B361ED2B571ECC004FBCE8 /* Debug */ = {
			isa = XCBuildConfiguration;
			buildSettings = {
				ALWAYS_SEARCH_USER_PATHS = NO;
				ASSETCATALOG_COMPILER_GENERATE_SWIFT_ASSET_SYMBOL_EXTENSIONS = YES;
				CLANG_ANALYZER_NONNULL = YES;
				CLANG_ANALYZER_NUMBER_OBJECT_CONVERSION = YES_AGGRESSIVE;
				CLANG_CXX_LANGUAGE_STANDARD = "gnu++20";
				CLANG_ENABLE_MODULES = YES;
				CLANG_ENABLE_OBJC_ARC = YES;
				CLANG_ENABLE_OBJC_WEAK = YES;
				CLANG_WARN_BLOCK_CAPTURE_AUTORELEASING = YES;
				CLANG_WARN_BOOL_CONVERSION = YES;
				CLANG_WARN_COMMA = YES;
				CLANG_WARN_CONSTANT_CONVERSION = YES;
				CLANG_WARN_DEPRECATED_OBJC_IMPLEMENTATIONS = YES;
				CLANG_WARN_DIRECT_OBJC_ISA_USAGE = YES_ERROR;
				CLANG_WARN_DOCUMENTATION_COMMENTS = YES;
				CLANG_WARN_EMPTY_BODY = YES;
				CLANG_WARN_ENUM_CONVERSION = YES;
				CLANG_WARN_INFINITE_RECURSION = YES;
				CLANG_WARN_INT_CONVERSION = YES;
				CLANG_WARN_NON_LITERAL_NULL_CONVERSION = YES;
				CLANG_WARN_OBJC_IMPLICIT_RETAIN_SELF = YES;
				CLANG_WARN_OBJC_LITERAL_CONVERSION = YES;
				CLANG_WARN_OBJC_ROOT_CLASS = YES_ERROR;
				CLANG_WARN_QUOTED_INCLUDE_IN_FRAMEWORK_HEADER = YES;
				CLANG_WARN_RANGE_LOOP_ANALYSIS = YES;
				CLANG_WARN_STRICT_PROTOTYPES = YES;
				CLANG_WARN_SUSPICIOUS_MOVE = YES;
				CLANG_WARN_UNGUARDED_AVAILABILITY = YES_AGGRESSIVE;
				CLANG_WARN_UNREACHABLE_CODE = YES;
				CLANG_WARN__DUPLICATE_METHOD_MATCH = YES;
				COPY_PHASE_STRIP = NO;
				DEBUG_INFORMATION_FORMAT = dwarf;
				ENABLE_STRICT_OBJC_MSGSEND = YES;
				ENABLE_TESTABILITY = YES;
				ENABLE_USER_SCRIPT_SANDBOXING = YES;
				GCC_C_LANGUAGE_STANDARD = gnu17;
				GCC_DYNAMIC_NO_PIC = NO;
				GCC_NO_COMMON_BLOCKS = YES;
				GCC_OPTIMIZATION_LEVEL = 0;
				GCC_PREPROCESSOR_DEFINITIONS = (
					"DEBUG=1",
					"$(inherited)",
				);
				GCC_WARN_64_TO_32_BIT_CONVERSION = YES;
				GCC_WARN_ABOUT_RETURN_TYPE = YES_ERROR;
				GCC_WARN_UNDECLARED_SELECTOR = YES;
				GCC_WARN_UNINITIALIZED_AUTOS = YES_AGGRESSIVE;
				GCC_WARN_UNUSED_FUNCTION = YES;
				GCC_WARN_UNUSED_VARIABLE = YES;
				LOCALIZATION_PREFERS_STRING_CATALOGS = YES;
				MTL_ENABLE_DEBUG_INFO = INCLUDE_SOURCE;
				MTL_FAST_MATH = YES;
				ONLY_ACTIVE_ARCH = YES;
				SWIFT_ACTIVE_COMPILATION_CONDITIONS = "DEBUG $(inherited)";
				SWIFT_OPTIMIZATION_LEVEL = "-Onone";
			};
			name = Debug;
		};
		61B361EE2B571ECC004FBCE8 /* Release */ = {
			isa = XCBuildConfiguration;
			buildSettings = {
				ALWAYS_SEARCH_USER_PATHS = NO;
				ASSETCATALOG_COMPILER_GENERATE_SWIFT_ASSET_SYMBOL_EXTENSIONS = YES;
				CLANG_ANALYZER_NONNULL = YES;
				CLANG_ANALYZER_NUMBER_OBJECT_CONVERSION = YES_AGGRESSIVE;
				CLANG_CXX_LANGUAGE_STANDARD = "gnu++20";
				CLANG_ENABLE_MODULES = YES;
				CLANG_ENABLE_OBJC_ARC = YES;
				CLANG_ENABLE_OBJC_WEAK = YES;
				CLANG_WARN_BLOCK_CAPTURE_AUTORELEASING = YES;
				CLANG_WARN_BOOL_CONVERSION = YES;
				CLANG_WARN_COMMA = YES;
				CLANG_WARN_CONSTANT_CONVERSION = YES;
				CLANG_WARN_DEPRECATED_OBJC_IMPLEMENTATIONS = YES;
				CLANG_WARN_DIRECT_OBJC_ISA_USAGE = YES_ERROR;
				CLANG_WARN_DOCUMENTATION_COMMENTS = YES;
				CLANG_WARN_EMPTY_BODY = YES;
				CLANG_WARN_ENUM_CONVERSION = YES;
				CLANG_WARN_INFINITE_RECURSION = YES;
				CLANG_WARN_INT_CONVERSION = YES;
				CLANG_WARN_NON_LITERAL_NULL_CONVERSION = YES;
				CLANG_WARN_OBJC_IMPLICIT_RETAIN_SELF = YES;
				CLANG_WARN_OBJC_LITERAL_CONVERSION = YES;
				CLANG_WARN_OBJC_ROOT_CLASS = YES_ERROR;
				CLANG_WARN_QUOTED_INCLUDE_IN_FRAMEWORK_HEADER = YES;
				CLANG_WARN_RANGE_LOOP_ANALYSIS = YES;
				CLANG_WARN_STRICT_PROTOTYPES = YES;
				CLANG_WARN_SUSPICIOUS_MOVE = YES;
				CLANG_WARN_UNGUARDED_AVAILABILITY = YES_AGGRESSIVE;
				CLANG_WARN_UNREACHABLE_CODE = YES;
				CLANG_WARN__DUPLICATE_METHOD_MATCH = YES;
				COPY_PHASE_STRIP = NO;
				DEBUG_INFORMATION_FORMAT = "dwarf-with-dsym";
				ENABLE_NS_ASSERTIONS = NO;
				ENABLE_STRICT_OBJC_MSGSEND = YES;
				ENABLE_USER_SCRIPT_SANDBOXING = YES;
				GCC_C_LANGUAGE_STANDARD = gnu17;
				GCC_NO_COMMON_BLOCKS = YES;
				GCC_WARN_64_TO_32_BIT_CONVERSION = YES;
				GCC_WARN_ABOUT_RETURN_TYPE = YES_ERROR;
				GCC_WARN_UNDECLARED_SELECTOR = YES;
				GCC_WARN_UNINITIALIZED_AUTOS = YES_AGGRESSIVE;
				GCC_WARN_UNUSED_FUNCTION = YES;
				GCC_WARN_UNUSED_VARIABLE = YES;
				LOCALIZATION_PREFERS_STRING_CATALOGS = YES;
				MTL_ENABLE_DEBUG_INFO = NO;
				MTL_FAST_MATH = YES;
				SWIFT_COMPILATION_MODE = wholemodule;
			};
			name = Release;
		};
		61B361F02B571ECC004FBCE8 /* Debug */ = {
			isa = XCBuildConfiguration;
			buildSettings = {
				ASSETCATALOG_COMPILER_APPICON_NAME = AppIcon;
				ASSETCATALOG_COMPILER_GLOBAL_ACCENT_COLOR_NAME = AccentColor;
				CODE_SIGN_ENTITLEMENTS = MasterMindGame/MasterMindGame.entitlements;
				CODE_SIGN_STYLE = Automatic;
				CURRENT_PROJECT_VERSION = 1;
				DEVELOPMENT_ASSET_PATHS = "\"MasterMindGame/Preview Content\"";
				DEVELOPMENT_TEAM = 7C9H3QTLPP;
				ENABLE_PREVIEWS = YES;
				GENERATE_INFOPLIST_FILE = YES;
				"INFOPLIST_KEY_UIApplicationSceneManifest_Generation[sdk=iphoneos*]" = YES;
				"INFOPLIST_KEY_UIApplicationSceneManifest_Generation[sdk=iphonesimulator*]" = YES;
				"INFOPLIST_KEY_UIApplicationSupportsIndirectInputEvents[sdk=iphoneos*]" = YES;
				"INFOPLIST_KEY_UIApplicationSupportsIndirectInputEvents[sdk=iphonesimulator*]" = YES;
				"INFOPLIST_KEY_UILaunchScreen_Generation[sdk=iphoneos*]" = YES;
				"INFOPLIST_KEY_UILaunchScreen_Generation[sdk=iphonesimulator*]" = YES;
				"INFOPLIST_KEY_UIStatusBarStyle[sdk=iphoneos*]" = UIStatusBarStyleDefault;
				"INFOPLIST_KEY_UIStatusBarStyle[sdk=iphonesimulator*]" = UIStatusBarStyleDefault;
				INFOPLIST_KEY_UISupportedInterfaceOrientations_iPad = "UIInterfaceOrientationPortrait UIInterfaceOrientationPortraitUpsideDown UIInterfaceOrientationLandscapeLeft UIInterfaceOrientationLandscapeRight";
				INFOPLIST_KEY_UISupportedInterfaceOrientations_iPhone = "UIInterfaceOrientationPortrait UIInterfaceOrientationLandscapeLeft UIInterfaceOrientationLandscapeRight";
				IPHONEOS_DEPLOYMENT_TARGET = 17.2;
				LD_RUNPATH_SEARCH_PATHS = "@executable_path/Frameworks";
				"LD_RUNPATH_SEARCH_PATHS[sdk=macosx*]" = "@executable_path/../Frameworks";
				MACOSX_DEPLOYMENT_TARGET = 14.2;
				MARKETING_VERSION = 1.0;
				PRODUCT_BUNDLE_IDENTIFIER = edu.trasny.JacksonHolt.MasterMindGame;
				PRODUCT_NAME = "$(TARGET_NAME)";
				SDKROOT = auto;
				SUPPORTED_PLATFORMS = "iphoneos iphonesimulator macosx";
				SWIFT_EMIT_LOC_STRINGS = YES;
				SWIFT_VERSION = 5.0;
				TARGETED_DEVICE_FAMILY = "1,2";
			};
			name = Debug;
		};
		61B361F12B571ECC004FBCE8 /* Release */ = {
			isa = XCBuildConfiguration;
			buildSettings = {
				ASSETCATALOG_COMPILER_APPICON_NAME = AppIcon;
				ASSETCATALOG_COMPILER_GLOBAL_ACCENT_COLOR_NAME = AccentColor;
				CODE_SIGN_ENTITLEMENTS = MasterMindGame/MasterMindGame.entitlements;
				CODE_SIGN_STYLE = Automatic;
				CURRENT_PROJECT_VERSION = 1;
				DEVELOPMENT_ASSET_PATHS = "\"MasterMindGame/Preview Content\"";
				DEVELOPMENT_TEAM = 7C9H3QTLPP;
				ENABLE_PREVIEWS = YES;
				GENERATE_INFOPLIST_FILE = YES;
				"INFOPLIST_KEY_UIApplicationSceneManifest_Generation[sdk=iphoneos*]" = YES;
				"INFOPLIST_KEY_UIApplicationSceneManifest_Generation[sdk=iphonesimulator*]" = YES;
				"INFOPLIST_KEY_UIApplicationSupportsIndirectInputEvents[sdk=iphoneos*]" = YES;
				"INFOPLIST_KEY_UIApplicationSupportsIndirectInputEvents[sdk=iphonesimulator*]" = YES;
				"INFOPLIST_KEY_UILaunchScreen_Generation[sdk=iphoneos*]" = YES;
				"INFOPLIST_KEY_UILaunchScreen_Generation[sdk=iphonesimulator*]" = YES;
				"INFOPLIST_KEY_UIStatusBarStyle[sdk=iphoneos*]" = UIStatusBarStyleDefault;
				"INFOPLIST_KEY_UIStatusBarStyle[sdk=iphonesimulator*]" = UIStatusBarStyleDefault;
				INFOPLIST_KEY_UISupportedInterfaceOrientations_iPad = "UIInterfaceOrientationPortrait UIInterfaceOrientationPortraitUpsideDown UIInterfaceOrientationLandscapeLeft UIInterfaceOrientationLandscapeRight";
				INFOPLIST_KEY_UISupportedInterfaceOrientations_iPhone = "UIInterfaceOrientationPortrait UIInterfaceOrientationLandscapeLeft UIInterfaceOrientationLandscapeRight";
				IPHONEOS_DEPLOYMENT_TARGET = 17.2;
				LD_RUNPATH_SEARCH_PATHS = "@executable_path/Frameworks";
				"LD_RUNPATH_SEARCH_PATHS[sdk=macosx*]" = "@executable_path/../Frameworks";
				MACOSX_DEPLOYMENT_TARGET = 14.2;
				MARKETING_VERSION = 1.0;
				PRODUCT_BUNDLE_IDENTIFIER = edu.trasny.JacksonHolt.MasterMindGame;
				PRODUCT_NAME = "$(TARGET_NAME)";
				SDKROOT = auto;
				SUPPORTED_PLATFORMS = "iphoneos iphonesimulator macosx";
				SWIFT_EMIT_LOC_STRINGS = YES;
				SWIFT_VERSION = 5.0;
				TARGETED_DEVICE_FAMILY = "1,2";
			};
			name = Release;
		};
/* End XCBuildConfiguration section */

/* Begin XCConfigurationList section */
		61B361DB2B571ECB004FBCE8 /* Build configuration list for PBXProject "MasterMindGame" */ = {
			isa = XCConfigurationList;
			buildConfigurations = (
				61B361ED2B571ECC004FBCE8 /* Debug */,
				61B361EE2B571ECC004FBCE8 /* Release */,
			);
			defaultConfigurationIsVisible = 0;
			defaultConfigurationName = Release;
		};
		61B361EF2B571ECC004FBCE8 /* Build configuration list for PBXNativeTarget "MasterMindGame" */ = {
			isa = XCConfigurationList;
			buildConfigurations = (
				61B361F02B571ECC004FBCE8 /* Debug */,
				61B361F12B571ECC004FBCE8 /* Release */,
			);
			defaultConfigurationIsVisible = 0;
			defaultConfigurationName = Release;
		};
/* End XCConfigurationList section */

/* Begin XCRemoteSwiftPackageReference section */
		61BD75F12BB1FC5B0096C5B5 /* XCRemoteSwiftPackageReference "effects-library" */ = {
			isa = XCRemoteSwiftPackageReference;
			repositoryURL = "https://github.com/GetStream/effects-library";
			requirement = {
				kind = upToNextMajorVersion;
				minimumVersion = 1.0.0;
			};
		};
/* End XCRemoteSwiftPackageReference section */

/* Begin XCSwiftPackageProductDependency section */
		61BD75F22BB1FC5B0096C5B5 /* EffectsLibrary */ = {
			isa = XCSwiftPackageProductDependency;
			package = 61BD75F12BB1FC5B0096C5B5 /* XCRemoteSwiftPackageReference "effects-library" */;
			productName = EffectsLibrary;
		};
/* End XCSwiftPackageProductDependency section */
	};
	rootObject = 61B361D82B571ECB004FBCE8 /* Project object */;
}
